
Microsoft Visual Studio Solution File, Format Version 12.00
# Visual Studio Version 16
VisualStudioVersion = 16.0.30621.155
MinimumVisualStudioVersion = 10.0.40219.1
Project("{FAE04EC0-301F-11D3-BF4B-00C04F79EFBC}") = "WpfApp1", "WpfApp1\WpfApp1.csproj", "{79AA6A58-B5D8-4DBB-8370-0102B545D7B9}"
EndProject
Global
	GlobalSection(SolutionConfigurationPlatforms) = preSolution
		Debug|Any CPU = Debug|Any CPU
		Release|Any CPU = Release|Any CPU
	EndGlobalSection
	GlobalSection(ProjectConfigurationPlatforms) = postSolution
		{79AA6A58-B5D8-4DBB-8370-0102B545D7B9}.Debug|Any CPU.ActiveCfg = Debug|Any CPU
		{79AA6A58-B5D8-4DBB-8370-0102B545D7B9}.Debug|Any CPU.Build.0 = Debug|Any CPU
		{79AA6A58-B5D8-4DBB-8370-0102B545D7B9}.Release|Any CPU.ActiveCfg = Release|Any CPU
		{79AA6A58-B5D8-4DBB-8370-0102B545D7B9}.Release|Any CPU.Build.0 = Release|Any CPU
	EndGlobalSection
	GlobalSection(SolutionProperties) = preSolution
		HideSolutionNode = FALSE
	EndGlobalSection
	GlobalSection(ExtensibilityGlobals) = postSolution
		SolutionGuid = {2F76FE98-17B1-4D69-A65A-3A4BC2F1BED3}
	EndGlobalSection
EndGlobal
